# generated by rye
# use `rye lock` or `rye sync` to update this lockfile
#
# last locked with the following flags:
#   pre: false
#   features: []
#   all-features: false
#   with-sources: false
#   generate-hashes: false
#   universal: false

-e file:.
black==24.8.0
click==8.1.7
    # via black
colorama==0.4.6
    # via click
    # via pytest
exceptiongroup==1.2.2
    # via pytest
iniconfig==2.0.0
    # via pytest
mypy-extensions==1.0.0
    # via black
packaging==24.1
    # via black
    # via pytest
pathspec==0.12.1
    # via black
platformdirs==4.2.2
    # via black
pluggy==1.5.0
    # via pytest
pytest==8.3.2
tomli==2.0.1
    # via black
    # via pytest
typing-extensions==4.12.2
    # via black
